
Microsoft Visual Studio Solution File, Format Version 12.00
Project("{FAE04EC0-301F-11D3-BF4B-00C04F79EFBC}") = "Another", "Another\Another.csproj", "{5C9502D0-1041-406F-9142-6D918E5D1F2B}"
EndProject
Project("{FAE04EC0-301F-11D3-BF4B-00C04F79EFBC}") = "SlidingWindow", "SlidingWindow\SlidingWindow.csproj", "{31D1ABC3-EB39-4473-8B14-50707C381CB3}"
EndProject
Project("{FAE04EC0-301F-11D3-BF4B-00C04F79EFBC}") = "Palindrome", "Palindrome\Palindrome.csproj", "{166F62C2-948C-48E0-9BA6-8C471FC7D95A}"
EndProject
Project("{FAE04EC0-301F-11D3-BF4B-00C04F79EFBC}") = "TwoPointers", "TwoPointers\TwoPointers.csproj", "{647561AE-2866-4CB5-9922-85843CBD4E2A}"
EndProject
Project("{FAE04EC0-301F-11D3-BF4B-00C04F79EFBC}") = "IntervalsMerge", "IntervalsMerge\IntervalsMerge.csproj", "{2C8AF550-5DA8-44F1-AE50-13750D044EDF}"
EndProject
Global
	GlobalSection(SolutionConfigurationPlatforms) = preSolution
		Debug|Any CPU = Debug|Any CPU
		Release|Any CPU = Release|Any CPU
	EndGlobalSection
	GlobalSection(ProjectConfigurationPlatforms) = postSolution
		{5C9502D0-1041-406F-9142-6D918E5D1F2B}.Debug|Any CPU.ActiveCfg = Debug|Any CPU
		{5C9502D0-1041-406F-9142-6D918E5D1F2B}.Debug|Any CPU.Build.0 = Debug|Any CPU
		{5C9502D0-1041-406F-9142-6D918E5D1F2B}.Release|Any CPU.ActiveCfg = Release|Any CPU
		{5C9502D0-1041-406F-9142-6D918E5D1F2B}.Release|Any CPU.Build.0 = Release|Any CPU
		{31D1ABC3-EB39-4473-8B14-50707C381CB3}.Debug|Any CPU.ActiveCfg = Debug|Any CPU
		{31D1ABC3-EB39-4473-8B14-50707C381CB3}.Debug|Any CPU.Build.0 = Debug|Any CPU
		{31D1ABC3-EB39-4473-8B14-50707C381CB3}.Release|Any CPU.ActiveCfg = Release|Any CPU
		{31D1ABC3-EB39-4473-8B14-50707C381CB3}.Release|Any CPU.Build.0 = Release|Any CPU
		{166F62C2-948C-48E0-9BA6-8C471FC7D95A}.Debug|Any CPU.ActiveCfg = Debug|Any CPU
		{166F62C2-948C-48E0-9BA6-8C471FC7D95A}.Debug|Any CPU.Build.0 = Debug|Any CPU
		{166F62C2-948C-48E0-9BA6-8C471FC7D95A}.Release|Any CPU.ActiveCfg = Release|Any CPU
		{166F62C2-948C-48E0-9BA6-8C471FC7D95A}.Release|Any CPU.Build.0 = Release|Any CPU
		{647561AE-2866-4CB5-9922-85843CBD4E2A}.Debug|Any CPU.ActiveCfg = Debug|Any CPU
		{647561AE-2866-4CB5-9922-85843CBD4E2A}.Debug|Any CPU.Build.0 = Debug|Any CPU
		{647561AE-2866-4CB5-9922-85843CBD4E2A}.Release|Any CPU.ActiveCfg = Release|Any CPU
		{647561AE-2866-4CB5-9922-85843CBD4E2A}.Release|Any CPU.Build.0 = Release|Any CPU
		{2C8AF550-5DA8-44F1-AE50-13750D044EDF}.Debug|Any CPU.ActiveCfg = Debug|Any CPU
		{2C8AF550-5DA8-44F1-AE50-13750D044EDF}.Debug|Any CPU.Build.0 = Debug|Any CPU
		{2C8AF550-5DA8-44F1-AE50-13750D044EDF}.Release|Any CPU.ActiveCfg = Release|Any CPU
		{2C8AF550-5DA8-44F1-AE50-13750D044EDF}.Release|Any CPU.Build.0 = Release|Any CPU
	EndGlobalSection
EndGlobal
